dependencies:
  espressif/cmake_utilities:
    component_hash: 351350613ceafba240b761b4ea991e0f231ac7a9f59a9ee901f751bddc0bb18f
    source:
      service_url: https://api.components.espressif.com/
      type: service
    version: 0.5.3
  espressif/esp_lcd_gc9b71:
    component_hash: 975443159fbdafdc1c908bb66b0071c9ca618f64c1673be9527d3c2edeaea508
    source:
      service_url: https://api.components.espressif.com/
      type: service
    version: 0.0.2
  espressif/esp_lcd_sh8601:
    component_hash: f8f3e006d6b8108ed6b8730b4e7bcd414ea60855a639aceb56d4fd4419258564
    source:
      service_url: https://api.components.espressif.com/
      type: service
    version: 0.0.2
  espressif/esp_lcd_spd2010:
    component_hash: 68455344c3224281624cc2e5412fabe2bbf52cf6e0e36d05e9c70bd15f944ed8
    source:
      service_url: https://api.components.espressif.com/
      type: service
    version: 0.0.2
  espressif/esp_lcd_touch:
    component_hash: d4d8f2dc33205797169a97a02e0d89a8982f59fe0509129b54422052b8522f59
    source:
      service_url: https://api.components.espressif.com/
      type: service
    version: 1.1.1
  espressif/esp_lcd_touch_cst816s:
    component_hash: 270bd7df3a2a5cffa3a626c4709fc03237d83fd9daa6fb70c833a2f1875f0f68
    source:
      service_url: https://api.components.espressif.com/
      type: service
    version: 1.0.3
  espressif/esp_lcd_touch_spd2010:
    component_hash: 62f76d1f2c7ba4f11ff51746b8e62269ea4a3d2a774070f9ad606105a560f72f
    source:
      service_url: https://api.components.espressif.com/
      type: service
    version: 0.0.1
  idf:
    component_hash: null
    source:
      type: idf
    version: 5.0.5
  lvgl/lvgl:
    component_hash: 948bff879a345149b83065535bbc4a026ce9f47498a22881e432a264b9098015
    source:
      service_url: https://api.components.espressif.com/
      type: service
    version: 8.3.11
manifest_hash: 63b7001dcea1fa70d0e73fe9e6d462470f03e8863a0a2b7efaabdb4b60060df5
target: esp32s3
version: 1.0.0
